
Microsoft Visual Studio Solution File, Format Version 12.00
# Visual Studio Version 16
VisualStudioVersion = 16.0.31313.79
MinimumVisualStudioVersion = 10.0.40219.1
Project("{9A19103F-16F7-4668-BE54-9A1E7A4F7556}") = "Enigma.Core", "Enigma.Core\Enigma.Core.csproj", "{45781273-DD2F-4EC8-9C7A-644D93245977}"
EndProject
Project("{2150E333-8FDC-42A3-9474-1A3956D46DE8}") = "Solution Items", "Solution Items", "{3C9E76D1-B6AA-4AAC-A04E-92E343839FF3}"
	ProjectSection(SolutionItems) = preProject
		.editorconfig = .editorconfig
	EndProjectSection
EndProject
Project("{9A19103F-16F7-4668-BE54-9A1E7A4F7556}") = "Enigma.Console", "Enigma.Console\Enigma.Console.csproj", "{7C0C247F-597E-4C90-99D5-2F66D3A047A3}"
EndProject
Project("{FAE04EC0-301F-11D3-BF4B-00C04F79EFBC}") = "Enigma.Tests", "Enigma.Tests\Enigma.Tests.csproj", "{C0D22D5E-9F7F-4CE0-B5CC-E5A4D72E396C}"
EndProject
Global
	GlobalSection(SolutionConfigurationPlatforms) = preSolution
		Debug|Any CPU = Debug|Any CPU
		Release|Any CPU = Release|Any CPU
	EndGlobalSection
	GlobalSection(ProjectConfigurationPlatforms) = postSolution
		{45781273-DD2F-4EC8-9C7A-644D93245977}.Debug|Any CPU.ActiveCfg = Debug|Any CPU
		{45781273-DD2F-4EC8-9C7A-644D93245977}.Debug|Any CPU.Build.0 = Debug|Any CPU
		{45781273-DD2F-4EC8-9C7A-644D93245977}.Release|Any CPU.ActiveCfg = Release|Any CPU
		{45781273-DD2F-4EC8-9C7A-644D93245977}.Release|Any CPU.Build.0 = Release|Any CPU
		{7C0C247F-597E-4C90-99D5-2F66D3A047A3}.Debug|Any CPU.ActiveCfg = Debug|Any CPU
		{7C0C247F-597E-4C90-99D5-2F66D3A047A3}.Debug|Any CPU.Build.0 = Debug|Any CPU
		{7C0C247F-597E-4C90-99D5-2F66D3A047A3}.Release|Any CPU.ActiveCfg = Release|Any CPU
		{7C0C247F-597E-4C90-99D5-2F66D3A047A3}.Release|Any CPU.Build.0 = Release|Any CPU
		{C0D22D5E-9F7F-4CE0-B5CC-E5A4D72E396C}.Debug|Any CPU.ActiveCfg = Debug|Any CPU
		{C0D22D5E-9F7F-4CE0-B5CC-E5A4D72E396C}.Debug|Any CPU.Build.0 = Debug|Any CPU
		{C0D22D5E-9F7F-4CE0-B5CC-E5A4D72E396C}.Release|Any CPU.ActiveCfg = Release|Any CPU
		{C0D22D5E-9F7F-4CE0-B5CC-E5A4D72E396C}.Release|Any CPU.Build.0 = Release|Any CPU
	EndGlobalSection
	GlobalSection(SolutionProperties) = preSolution
		HideSolutionNode = FALSE
	EndGlobalSection
	GlobalSection(ExtensibilityGlobals) = postSolution
		SolutionGuid = {28617B74-147C-4B04-B391-A31F7169AB9C}
	EndGlobalSection
EndGlobal
